// !$*UTF8*$!
{
	archiveVersion = 1;
	classes = {
	};
	objectVersion = 46;
	objects = {

/* Begin PBXBuildFile section */
		36A934AF17663F3A00AFF987 /* Social.framework in Frameworks */ = {isa = PBXBuildFile; fileRef = 36A934AE17663F3A00AFF987 /* Social.framework */; settings = {ATTRIBUTES = (Weak, ); }; };
		36A934B117663F3E00AFF987 /* Accounts.framework in Frameworks */ = {isa = PBXBuildFile; fileRef = 36A934B017663F3E00AFF987 /* Accounts.framework */; };
		36A934F2176799EB00AFF987 /* back.png in Resources */ = {isa = PBXBuildFile; fileRef = 36A934F1176799EB00AFF987 /* back.png */; };
		36A934FB17679CA700AFF987 /* delete.png in Resources */ = {isa = PBXBuildFile; fileRef = 36A934F317679CA700AFF987 /* delete.png */; };
		36A934FC17679CA700AFF987 /* delete@2x.png in Resources */ = {isa = PBXBuildFile; fileRef = 36A934F417679CA700AFF987 /* delete@2x.png */; };
		36A934FD17679CA700AFF987 /* notification.png in Resources */ = {isa = PBXBuildFile; fileRef = 36A934F517679CA700AFF987 /* notification.png */; };
		36A934FE17679CA700AFF987 /* notification@2x.png in Resources */ = {isa = PBXBuildFile; fileRef = 36A934F617679CA700AFF987 /* notification@2x.png */; };
		36A934FF17679CA700AFF987 /* facebook.png in Resources */ = {isa = PBXBuildFile; fileRef = 36A934F717679CA700AFF987 /* facebook.png */; };
		36A9350017679CA700AFF987 /* facebook@2x.png in Resources */ = {isa = PBXBuildFile; fileRef = 36A934F817679CA700AFF987 /* facebook@2x.png */; };
		36A9350117679CA700AFF987 /* twitter.png in Resources */ = {isa = PBXBuildFile; fileRef = 36A934F917679CA700AFF987 /* twitter.png */; };
		36A9350217679CA700AFF987 /* twitter@2x.png in Resources */ = {isa = PBXBuildFile; fileRef = 36A934FA17679CA700AFF987 /* twitter@2x.png */; };
		36A935041767A2BE00AFF987 /* goback_mini.png in Resources */ = {isa = PBXBuildFile; fileRef = 36A935031767A2BE00AFF987 /* goback_mini.png */; };
		36A935071767AC5400AFF987 /* CDBaseConversion.m in Sources */ = {isa = PBXBuildFile; fileRef = 36A935061767AC5400AFF987 /* CDBaseConversion.m */; };
		36A9350A1767B5DE00AFF987 /* done.png in Resources */ = {isa = PBXBuildFile; fileRef = 36A935081767B5DE00AFF987 /* done.png */; };
		36A9350B1767B5DE00AFF987 /* done@2x.png in Resources */ = {isa = PBXBuildFile; fileRef = 36A935091767B5DE00AFF987 /* done@2x.png */; };
		36E37D4E176099E9001461C6 /* UIKit.framework in Frameworks */ = {isa = PBXBuildFile; fileRef = 36E37D4D176099E9001461C6 /* UIKit.framework */; };
		36E37D50176099E9001461C6 /* Foundation.framework in Frameworks */ = {isa = PBXBuildFile; fileRef = 36E37D4F176099E9001461C6 /* Foundation.framework */; };
		36E37D52176099E9001461C6 /* CoreGraphics.framework in Frameworks */ = {isa = PBXBuildFile; fileRef = 36E37D51176099E9001461C6 /* CoreGraphics.framework */; };
		36E37D58176099E9001461C6 /* InfoPlist.strings in Resources */ = {isa = PBXBuildFile; fileRef = 36E37D56176099E9001461C6 /* InfoPlist.strings */; };
		36E37D5A176099E9001461C6 /* main.m in Sources */ = {isa = PBXBuildFile; fileRef = 36E37D59176099E9001461C6 /* main.m */; };
		36E37D5E176099E9001461C6 /* CDAppDelegate.m in Sources */ = {isa = PBXBuildFile; fileRef = 36E37D5D176099E9001461C6 /* CDAppDelegate.m */; };
		36E37D67176099E9001461C6 /* MainStoryboard.storyboard in Resources */ = {isa = PBXBuildFile; fileRef = 36E37D65176099E9001461C6 /* MainStoryboard.storyboard */; };
		36E37D6A176099E9001461C6 /* CDMainViewController.m in Sources */ = {isa = PBXBuildFile; fileRef = 36E37D69176099E9001461C6 /* CDMainViewController.m */; };
		36E37D7217609BE0001461C6 /* container.png in Resources */ = {isa = PBXBuildFile; fileRef = 36E37D7017609BE0001461C6 /* container.png */; };
		36E37D7317609BE0001461C6 /* container@2x.png in Resources */ = {isa = PBXBuildFile; fileRef = 36E37D7117609BE0001461C6 /* container@2x.png */; };
		36E37D7A17609D86001461C6 /* Lato-Reg.ttf in Resources */ = {isa = PBXBuildFile; fileRef = 36E37D7417609D04001461C6 /* Lato-Reg.ttf */; };
		36E37D7B17609D86001461C6 /* Lato-Bla.ttf in Resources */ = {isa = PBXBuildFile; fileRef = 36E37D7517609D04001461C6 /* Lato-Bla.ttf */; };
		36E37D7C17609D86001461C6 /* Lato-Bol.ttf in Resources */ = {isa = PBXBuildFile; fileRef = 36E37D7617609D04001461C6 /* Lato-Bol.ttf */; };
		36E37D821760A2A7001461C6 /* addnewcountdown.png in Resources */ = {isa = PBXBuildFile; fileRef = 36E37D801760A2A7001461C6 /* addnewcountdown.png */; };
		36E37D831760A2A7001461C6 /* addnewcountdown@2x.png in Resources */ = {isa = PBXBuildFile; fileRef = 36E37D811760A2A7001461C6 /* addnewcountdown@2x.png */; };
		36E37D861760AAA3001461C6 /* CDTimerCell.m in Sources */ = {isa = PBXBuildFile; fileRef = 36E37D851760AAA3001461C6 /* CDTimerCell.m */; };
		36E37D881760AB88001461C6 /* indicator.png in Resources */ = {isa = PBXBuildFile; fileRef = 36E37D871760AB88001461C6 /* indicator.png */; };
		36E37D891760AFC7001461C6 /* UIFont+Replacement.m in Sources */ = {isa = PBXBuildFile; fileRef = 36E37D7F17609F1A001461C6 /* UIFont+Replacement.m */; };
		36E37D8C1760BCDE001461C6 /* CDProgressView.m in Sources */ = {isa = PBXBuildFile; fileRef = 36E37D8B1760BCDE001461C6 /* CDProgressView.m */; };
		36E37D941760C644001461C6 /* Default.png in Resources */ = {isa = PBXBuildFile; fileRef = 36E37D911760C644001461C6 /* Default.png */; };
		36E37D951760C644001461C6 /* Default@2x.png in Resources */ = {isa = PBXBuildFile; fileRef = 36E37D921760C644001461C6 /* Default@2x.png */; };
		36E37D961760C644001461C6 /* Default-568h@2x.png in Resources */ = {isa = PBXBuildFile; fileRef = 36E37D931760C644001461C6 /* Default-568h@2x.png */; };
		36E37D981760D0C2001461C6 /* icon@2x.png in Resources */ = {isa = PBXBuildFile; fileRef = 36E37D971760D0C2001461C6 /* icon@2x.png */; };
		36E37D9A1760D107001461C6 /* icon.png in Resources */ = {isa = PBXBuildFile; fileRef = 36E37D991760D107001461C6 /* icon.png */; };
		36E37DA01760E2AC001461C6 /* down_arrow.png in Resources */ = {isa = PBXBuildFile; fileRef = 36E37D9D1760E2AC001461C6 /* down_arrow.png */; };
		36E37DA11760E2AC001461C6 /* up_arrow.png in Resources */ = {isa = PBXBuildFile; fileRef = 36E37D9E1760E2AC001461C6 /* up_arrow.png */; };
		36E37DA21760E2AC001461C6 /* left_arrow.png in Resources */ = {isa = PBXBuildFile; fileRef = 36E37D9F1760E2AC001461C6 /* left_arrow.png */; };
		36E37DA61760E2BD001461C6 /* right_arrow.png in Resources */ = {isa = PBXBuildFile; fileRef = 36E37DA41760E2BD001461C6 /* right_arrow.png */; };
		36E37DA91760E6BB001461C6 /* CDAddTimerViewController.m in Sources */ = {isa = PBXBuildFile; fileRef = 36E37DA81760E6BB001461C6 /* CDAddTimerViewController.m */; };
		36E37DAB1760E93B001461C6 /* Lato-Lig.ttf in Resources */ = {isa = PBXBuildFile; fileRef = 36E37DAA1760E8E3001461C6 /* Lato-Lig.ttf */; };
		36E37DB21761D5C6001461C6 /* NSDate+Reporting.m in Sources */ = {isa = PBXBuildFile; fileRef = 36E37DB11761D5C6001461C6 /* NSDate+Reporting.m */; };
		36E37DBC1761FD06001461C6 /* proceed_button.png in Resources */ = {isa = PBXBuildFile; fileRef = 36E37DB71761FD06001461C6 /* proceed_button.png */; };
		36E37DBD1761FD06001461C6 /* proceed_button@2x.png in Resources */ = {isa = PBXBuildFile; fileRef = 36E37DB81761FD06001461C6 /* proceed_button@2x.png */; };
		36E37DBE1761FD06001461C6 /* goback.png in Resources */ = {isa = PBXBuildFile; fileRef = 36E37DB91761FD06001461C6 /* goback.png */; };
		36E37DBF1761FD06001461C6 /* goback@2x.png in Resources */ = {isa = PBXBuildFile; fileRef = 36E37DBA1761FD06001461C6 /* goback@2x.png */; };
		36E37DC2176200D9001461C6 /* finish.png in Resources */ = {isa = PBXBuildFile; fileRef = 36E37DC1176200D9001461C6 /* finish.png */; };
/* End PBXBuildFile section */

/* Begin PBXFileReference section */
		36A934AE17663F3A00AFF987 /* Social.framework */ = {isa = PBXFileReference; lastKnownFileType = wrapper.framework; name = Social.framework; path = System/Library/Frameworks/Social.framework; sourceTree = SDKROOT; };
		36A934B017663F3E00AFF987 /* Accounts.framework */ = {isa = PBXFileReference; lastKnownFileType = wrapper.framework; name = Accounts.framework; path = System/Library/Frameworks/Accounts.framework; sourceTree = SDKROOT; };
		36A934F1176799EB00AFF987 /* back.png */ = {isa = PBXFileReference; lastKnownFileType = image.png; path = back.png; sourceTree = "<group>"; };
		36A934F317679CA700AFF987 /* delete.png */ = {isa = PBXFileReference; lastKnownFileType = image.png; path = delete.png; sourceTree = "<group>"; };
		36A934F417679CA700AFF987 /* delete@2x.png */ = {isa = PBXFileReference; lastKnownFileType = image.png; path = "delete@2x.png"; sourceTree = "<group>"; };
		36A934F517679CA700AFF987 /* notification.png */ = {isa = PBXFileReference; lastKnownFileType = image.png; path = notification.png; sourceTree = "<group>"; };
		36A934F617679CA700AFF987 /* notification@2x.png */ = {isa = PBXFileReference; lastKnownFileType = image.png; path = "notification@2x.png"; sourceTree = "<group>"; };
		36A934F717679CA700AFF987 /* facebook.png */ = {isa = PBXFileReference; lastKnownFileType = image.png; path = facebook.png; sourceTree = "<group>"; };
		36A934F817679CA700AFF987 /* facebook@2x.png */ = {isa = PBXFileReference; lastKnownFileType = image.png; path = "facebook@2x.png"; sourceTree = "<group>"; };
		36A934F917679CA700AFF987 /* twitter.png */ = {isa = PBXFileReference; lastKnownFileType = image.png; path = twitter.png; sourceTree = "<group>"; };
		36A934FA17679CA700AFF987 /* twitter@2x.png */ = {isa = PBXFileReference; lastKnownFileType = image.png; path = "twitter@2x.png"; sourceTree = "<group>"; };
		36A935031767A2BE00AFF987 /* goback_mini.png */ = {isa = PBXFileReference; lastKnownFileType = image.png; path = goback_mini.png; sourceTree = "<group>"; };
		36A935051767AC5400AFF987 /* CDBaseConversion.h */ = {isa = PBXFileReference; fileEncoding = 4; lastKnownFileType = sourcecode.c.h; path = CDBaseConversion.h; sourceTree = "<group>"; };
		36A935061767AC5400AFF987 /* CDBaseConversion.m */ = {isa = PBXFileReference; fileEncoding = 4; lastKnownFileType = sourcecode.c.objc; path = CDBaseConversion.m; sourceTree = "<group>"; };
		36A935081767B5DE00AFF987 /* done.png */ = {isa = PBXFileReference; lastKnownFileType = image.png; path = done.png; sourceTree = "<group>"; };
		36A935091767B5DE00AFF987 /* done@2x.png */ = {isa = PBXFileReference; lastKnownFileType = image.png; path = "done@2x.png"; sourceTree = "<group>"; };
		36E37D4A176099E9001461C6 /* count.do.app */ = {isa = PBXFileReference; explicitFileType = wrapper.application; includeInIndex = 0; path = count.do.app; sourceTree = BUILT_PRODUCTS_DIR; };
		36E37D4D176099E9001461C6 /* UIKit.framework */ = {isa = PBXFileReference; lastKnownFileType = wrapper.framework; name = UIKit.framework; path = System/Library/Frameworks/UIKit.framework; sourceTree = SDKROOT; };
		36E37D4F176099E9001461C6 /* Foundation.framework */ = {isa = PBXFileReference; lastKnownFileType = wrapper.framework; name = Foundation.framework; path = System/Library/Frameworks/Foundation.framework; sourceTree = SDKROOT; };
		36E37D51176099E9001461C6 /* CoreGraphics.framework */ = {isa = PBXFileReference; lastKnownFileType = wrapper.framework; name = CoreGraphics.framework; path = System/Library/Frameworks/CoreGraphics.framework; sourceTree = SDKROOT; };
		36E37D55176099E9001461C6 /* count.do-Info.plist */ = {isa = PBXFileReference; lastKnownFileType = text.plist.xml; path = "count.do-Info.plist"; sourceTree = "<group>"; };
		36E37D57176099E9001461C6 /* en */ = {isa = PBXFileReference; lastKnownFileType = text.plist.strings; name = en; path = en.lproj/InfoPlist.strings; sourceTree = "<group>"; };
		36E37D59176099E9001461C6 /* main.m */ = {isa = PBXFileReference; lastKnownFileType = sourcecode.c.objc; path = main.m; sourceTree = "<group>"; };
		36E37D5B176099E9001461C6 /* count.do-Prefix.pch */ = {isa = PBXFileReference; lastKnownFileType = sourcecode.c.h; path = "count.do-Prefix.pch"; sourceTree = "<group>"; };
		36E37D5C176099E9001461C6 /* CDAppDelegate.h */ = {isa = PBXFileReference; lastKnownFileType = sourcecode.c.h; path = CDAppDelegate.h; sourceTree = "<group>"; };
		36E37D5D176099E9001461C6 /* CDAppDelegate.m */ = {isa = PBXFileReference; lastKnownFileType = sourcecode.c.objc; path = CDAppDelegate.m; sourceTree = "<group>"; };
		36E37D66176099E9001461C6 /* en */ = {isa = PBXFileReference; lastKnownFileType = file.storyboard; name = en; path = en.lproj/MainStoryboard.storyboard; sourceTree = "<group>"; };
		36E37D68176099E9001461C6 /* CDMainViewController.h */ = {isa = PBXFileReference; lastKnownFileType = sourcecode.c.h; path = CDMainViewController.h; sourceTree = "<group>"; };
		36E37D69176099E9001461C6 /* CDMainViewController.m */ = {isa = PBXFileReference; lastKnownFileType = sourcecode.c.objc; path = CDMainViewController.m; sourceTree = "<group>"; };
		36E37D7017609BE0001461C6 /* container.png */ = {isa = PBXFileReference; lastKnownFileType = image.png; path = container.png; sourceTree = "<group>"; };
		36E37D7117609BE0001461C6 /* container@2x.png */ = {isa = PBXFileReference; lastKnownFileType = image.png; path = "container@2x.png"; sourceTree = "<group>"; };
		36E37D7417609D04001461C6 /* Lato-Reg.ttf */ = {isa = PBXFileReference; lastKnownFileType = file; path = "Lato-Reg.ttf"; sourceTree = "<group>"; };
		36E37D7517609D04001461C6 /* Lato-Bla.ttf */ = {isa = PBXFileReference; lastKnownFileType = file; path = "Lato-Bla.ttf"; sourceTree = "<group>"; };
		36E37D7617609D04001461C6 /* Lato-Bol.ttf */ = {isa = PBXFileReference; lastKnownFileType = file; path = "Lato-Bol.ttf"; sourceTree = "<group>"; };
		36E37D7E17609F1A001461C6 /* UIFont+Replacement.h */ = {isa = PBXFileReference; lastKnownFileType = sourcecode.c.h; path = "UIFont+Replacement.h"; sourceTree = "<group>"; };
		36E37D7F17609F1A001461C6 /* UIFont+Replacement.m */ = {isa = PBXFileReference; lastKnownFileType = sourcecode.c.objc; path = "UIFont+Replacement.m"; sourceTree = "<group>"; };
		36E37D801760A2A7001461C6 /* addnewcountdown.png */ = {isa = PBXFileReference; lastKnownFileType = image.png; path = addnewcountdown.png; sourceTree = "<group>"; };
		36E37D811760A2A7001461C6 /* addnewcountdown@2x.png */ = {isa = PBXFileReference; lastKnownFileType = image.png; path = "addnewcountdown@2x.png"; sourceTree = "<group>"; };
		36E37D841760AAA3001461C6 /* CDTimerCell.h */ = {isa = PBXFileReference; fileEncoding = 4; lastKnownFileType = sourcecode.c.h; path = CDTimerCell.h; sourceTree = "<group>"; };
		36E37D851760AAA3001461C6 /* CDTimerCell.m */ = {isa = PBXFileReference; fileEncoding = 4; lastKnownFileType = sourcecode.c.objc; path = CDTimerCell.m; sourceTree = "<group>"; };
		36E37D871760AB88001461C6 /* indicator.png */ = {isa = PBXFileReference; lastKnownFileType = image.png; path = indicator.png; sourceTree = "<group>"; };
		36E37D8A1760BCDE001461C6 /* CDProgressView.h */ = {isa = PBXFileReference; fileEncoding = 4; lastKnownFileType = sourcecode.c.h; path = CDProgressView.h; sourceTree = "<group>"; };
		36E37D8B1760BCDE001461C6 /* CDProgressView.m */ = {isa = PBXFileReference; fileEncoding = 4; lastKnownFileType = sourcecode.c.objc; path = CDProgressView.m; sourceTree = "<group>"; };
		36E37D911760C644001461C6 /* Default.png */ = {isa = PBXFileReference; lastKnownFileType = image.png; path = Default.png; sourceTree = "<group>"; };
		36E37D921760C644001461C6 /* Default@2x.png */ = {isa = PBXFileReference; lastKnownFileType = image.png; path = "Default@2x.png"; sourceTree = "<group>"; };
		36E37D931760C644001461C6 /* Default-568h@2x.png */ = {isa = PBXFileReference; lastKnownFileType = image.png; path = "Default-568h@2x.png"; sourceTree = "<group>"; };
		36E37D971760D0C2001461C6 /* icon@2x.png */ = {isa = PBXFileReference; lastKnownFileType = image.png; name = "icon@2x.png"; path = "../icon@2x.png"; sourceTree = "<group>"; };
		36E37D991760D107001461C6 /* icon.png */ = {isa = PBXFileReference; lastKnownFileType = image.png; name = icon.png; path = ../icon.png; sourceTree = "<group>"; };
		36E37D9D1760E2AC001461C6 /* down_arrow.png */ = {isa = PBXFileReference; lastKnownFileType = image.png; path = down_arrow.png; sourceTree = "<group>"; };
		36E37D9E1760E2AC001461C6 /* up_arrow.png */ = {isa = PBXFileReference; lastKnownFileType = image.png; path = up_arrow.png; sourceTree = "<group>"; };
		36E37D9F1760E2AC001461C6 /* left_arrow.png */ = {isa = PBXFileReference; lastKnownFileType = image.png; path = left_arrow.png; sourceTree = "<group>"; };
		36E37DA41760E2BD001461C6 /* right_arrow.png */ = {isa = PBXFileReference; lastKnownFileType = image.png; path = right_arrow.png; sourceTree = "<group>"; };
		36E37DA71760E6BB001461C6 /* CDAddTimerViewController.h */ = {isa = PBXFileReference; fileEncoding = 4; lastKnownFileType = sourcecode.c.h; path = CDAddTimerViewController.h; sourceTree = "<group>"; };
		36E37DA81760E6BB001461C6 /* CDAddTimerViewController.m */ = {isa = PBXFileReference; fileEncoding = 4; lastKnownFileType = sourcecode.c.objc; path = CDAddTimerViewController.m; sourceTree = "<group>"; };
		36E37DAA1760E8E3001461C6 /* Lato-Lig.ttf */ = {isa = PBXFileReference; lastKnownFileType = file; path = "Lato-Lig.ttf"; sourceTree = "<group>"; };
		36E37DB01761D5C6001461C6 /* NSDate+Reporting.h */ = {isa = PBXFileReference; fileEncoding = 4; lastKnownFileType = sourcecode.c.h; path = "NSDate+Reporting.h"; sourceTree = "<group>"; };
		36E37DB11761D5C6001461C6 /* NSDate+Reporting.m */ = {isa = PBXFileReference; fileEncoding = 4; lastKnownFileType = sourcecode.c.objc; path = "NSDate+Reporting.m"; sourceTree = "<group>"; };
		36E37DB71761FD06001461C6 /* proceed_button.png */ = {isa = PBXFileReference; lastKnownFileType = image.png; path = proceed_button.png; sourceTree = "<group>"; };
		36E37DB81761FD06001461C6 /* proceed_button@2x.png */ = {isa = PBXFileReference; lastKnownFileType = image.png; path = "proceed_button@2x.png"; sourceTree = "<group>"; };
		36E37DB91761FD06001461C6 /* goback.png */ = {isa = PBXFileReference; lastKnownFileType = image.png; path = goback.png; sourceTree = "<group>"; };
		36E37DBA1761FD06001461C6 /* goback@2x.png */ = {isa = PBXFileReference; lastKnownFileType = image.png; path = "goback@2x.png"; sourceTree = "<group>"; };
		36E37DC1176200D9001461C6 /* finish.png */ = {isa = PBXFileReference; lastKnownFileType = image.png; path = finish.png; sourceTree = "<group>"; };
/* End PBXFileReference section */

/* Begin PBXFrameworksBuildPhase section */
		36E37D47176099E9001461C6 /* Frameworks */ = {
			isa = PBXFrameworksBuildPhase;
			buildActionMask = 2147483647;
			files = (
				36A934B117663F3E00AFF987 /* Accounts.framework in Frameworks */,
				36A934AF17663F3A00AFF987 /* Social.framework in Frameworks */,
				36E37D4E176099E9001461C6 /* UIKit.framework in Frameworks */,
				36E37D50176099E9001461C6 /* Foundation.framework in Frameworks */,
				36E37D52176099E9001461C6 /* CoreGraphics.framework in Frameworks */,
			);
			runOnlyForDeploymentPostprocessing = 0;
		};
/* End PBXFrameworksBuildPhase section */

/* Begin PBXGroup section */
		36E37D41176099E9001461C6 = {
			isa = PBXGroup;
			children = (
				36E37D53176099E9001461C6 /* count.do */,
				36E37D4C176099E9001461C6 /* Frameworks */,
				36E37D4B176099E9001461C6 /* Products */,
			);
			sourceTree = "<group>";
		};
		36E37D4B176099E9001461C6 /* Products */ = {
			isa = PBXGroup;
			children = (
				36E37D4A176099E9001461C6 /* count.do.app */,
			);
			name = Products;
			sourceTree = "<group>";
		};
		36E37D4C176099E9001461C6 /* Frameworks */ = {
			isa = PBXGroup;
			children = (
				36A934B017663F3E00AFF987 /* Accounts.framework */,
				36A934AE17663F3A00AFF987 /* Social.framework */,
				36E37D4D176099E9001461C6 /* UIKit.framework */,
				36E37D4F176099E9001461C6 /* Foundation.framework */,
				36E37D51176099E9001461C6 /* CoreGraphics.framework */,
			);
			name = Frameworks;
			sourceTree = "<group>";
		};
		36E37D53176099E9001461C6 /* count.do */ = {
			isa = PBXGroup;
			children = (
				36E37D7D17609EF4001461C6 /* Libraries */,
				36E37D5C176099E9001461C6 /* CDAppDelegate.h */,
				36E37D5D176099E9001461C6 /* CDAppDelegate.m */,
				36E37D65176099E9001461C6 /* MainStoryboard.storyboard */,
				36E37D68176099E9001461C6 /* CDMainViewController.h */,
				36E37D69176099E9001461C6 /* CDMainViewController.m */,
				36E37DA71760E6BB001461C6 /* CDAddTimerViewController.h */,
				36E37DA81760E6BB001461C6 /* CDAddTimerViewController.m */,
				36E37D841760AAA3001461C6 /* CDTimerCell.h */,
				36E37D851760AAA3001461C6 /* CDTimerCell.m */,
				36E37D8A1760BCDE001461C6 /* CDProgressView.h */,
				36E37D8B1760BCDE001461C6 /* CDProgressView.m */,
				36E37D54176099E9001461C6 /* Supporting Files */,
			);
			path = count.do;
			sourceTree = "<group>";
		};
		36E37D54176099E9001461C6 /* Supporting Files */ = {
			isa = PBXGroup;
			children = (
				36E37D7917609D1B001461C6 /* Images */,
				36E37D7717609D0D001461C6 /* Fonts */,
				36E37D55176099E9001461C6 /* count.do-Info.plist */,
				36E37D56176099E9001461C6 /* InfoPlist.strings */,
				36E37D59176099E9001461C6 /* main.m */,
				36E37D5B176099E9001461C6 /* count.do-Prefix.pch */,
			);
			name = "Supporting Files";
			sourceTree = "<group>";
		};
		36E37D7717609D0D001461C6 /* Fonts */ = {
			isa = PBXGroup;
			children = (
				36E37DAA1760E8E3001461C6 /* Lato-Lig.ttf */,
				36E37D7417609D04001461C6 /* Lato-Reg.ttf */,
				36E37D7517609D04001461C6 /* Lato-Bla.ttf */,
				36E37D7617609D04001461C6 /* Lato-Bol.ttf */,
			);
			name = Fonts;
			sourceTree = "<group>";
		};
		36E37D7917609D1B001461C6 /* Images */ = {
			isa = PBXGroup;
			children = (
				36F692A617623534009EB15F /* Add Timer Screen */,
				36F692A51762352A009EB15F /* Main Screen */,
				36F692A417622B0C009EB15F /* App Images */,
			);
			name = Images;
			sourceTree = "<group>";
		};
		36E37D7D17609EF4001461C6 /* Libraries */ = {
			isa = PBXGroup;
			children = (
				36E37DB01761D5C6001461C6 /* NSDate+Reporting.h */,
				36E37DB11761D5C6001461C6 /* NSDate+Reporting.m */,
				36E37D7E17609F1A001461C6 /* UIFont+Replacement.h */,
				36E37D7F17609F1A001461C6 /* UIFont+Replacement.m */,
				36A935051767AC5400AFF987 /* CDBaseConversion.h */,
				36A935061767AC5400AFF987 /* CDBaseConversion.m */,
			);
			name = Libraries;
			sourceTree = "<group>";
		};
		36F692A417622B0C009EB15F /* App Images */ = {
			isa = PBXGroup;
			children = (
				36E37D911760C644001461C6 /* Default.png */,
				36E37D921760C644001461C6 /* Default@2x.png */,
				36E37D931760C644001461C6 /* Default-568h@2x.png */,
				36E37D991760D107001461C6 /* icon.png */,
				36E37D971760D0C2001461C6 /* icon@2x.png */,
			);
			name = "App Images";
			sourceTree = "<group>";
		};
		36F692A51762352A009EB15F /* Main Screen */ = {
			isa = PBXGroup;
			children = (
				36A935081767B5DE00AFF987 /* done.png */,
				36A935091767B5DE00AFF987 /* done@2x.png */,
				36E37D871760AB88001461C6 /* indicator.png */,
				36E37D801760A2A7001461C6 /* addnewcountdown.png */,
				36E37D811760A2A7001461C6 /* addnewcountdown@2x.png */,
				36E37D7017609BE0001461C6 /* container.png */,
				36E37D7117609BE0001461C6 /* container@2x.png */,
				36E37DC1176200D9001461C6 /* finish.png */,
			);
			name = "Main Screen";
			sourceTree = "<group>";
		};
		36F692A617623534009EB15F /* Add Timer Screen */ = {
			isa = PBXGroup;
			children = (
				36A935031767A2BE00AFF987 /* goback_mini.png */,
				36A934F317679CA700AFF987 /* delete.png */,
				36A934F417679CA700AFF987 /* delete@2x.png */,
				36A934F517679CA700AFF987 /* notification.png */,
				36A934F617679CA700AFF987 /* notification@2x.png */,
				36A934F717679CA700AFF987 /* facebook.png */,
				36A934F817679CA700AFF987 /* facebook@2x.png */,
				36A934F917679CA700AFF987 /* twitter.png */,
				36A934FA17679CA700AFF987 /* twitter@2x.png */,
				36A934F1176799EB00AFF987 /* back.png */,
				36E37DA41760E2BD001461C6 /* right_arrow.png */,
				36E37D9D1760E2AC001461C6 /* down_arrow.png */,
				36E37D9E1760E2AC001461C6 /* up_arrow.png */,
				36E37D9F1760E2AC001461C6 /* left_arrow.png */,
				36E37DB71761FD06001461C6 /* proceed_button.png */,
				36E37DB81761FD06001461C6 /* proceed_button@2x.png */,
				36E37DB91761FD06001461C6 /* goback.png */,
				36E37DBA1761FD06001461C6 /* goback@2x.png */,
			);
			name = "Add Timer Screen";
			sourceTree = "<group>";
		};
/* End PBXGroup section */

/* Begin PBXNativeTarget section */
		36E37D49176099E9001461C6 /* count.do */ = {
			isa = PBXNativeTarget;
			buildConfigurationList = 36E37D6D176099E9001461C6 /* Build configuration list for PBXNativeTarget "count.do" */;
			buildPhases = (
				36E37D46176099E9001461C6 /* Sources */,
				36E37D47176099E9001461C6 /* Frameworks */,
				36E37D48176099E9001461C6 /* Resources */,
			);
			buildRules = (
			);
			dependencies = (
			);
			name = count.do;
			productName = count.do;
			productReference = 36E37D4A176099E9001461C6 /* count.do.app */;
			productType = "com.apple.product-type.application";
		};
/* End PBXNativeTarget section */

/* Begin PBXProject section */
		36E37D42176099E9001461C6 /* Project object */ = {
			isa = PBXProject;
			attributes = {
				CLASSPREFIX = CD;
				LastUpgradeCheck = 0460;
				ORGANIZATIONNAME = "Can Bülbül";
			};
			buildConfigurationList = 36E37D45176099E9001461C6 /* Build configuration list for PBXProject "count.do" */;
			compatibilityVersion = "Xcode 3.2";
			developmentRegion = English;
			hasScannedForEncodings = 0;
			knownRegions = (
				en,
			);
			mainGroup = 36E37D41176099E9001461C6;
			productRefGroup = 36E37D4B176099E9001461C6 /* Products */;
			projectDirPath = "";
			projectRoot = "";
			targets = (
				36E37D49176099E9001461C6 /* count.do */,
			);
		};
/* End PBXProject section */

/* Begin PBXResourcesBuildPhase section */
		36E37D48176099E9001461C6 /* Resources */ = {
			isa = PBXResourcesBuildPhase;
			buildActionMask = 2147483647;
			files = (
				36E37D7A17609D86001461C6 /* Lato-Reg.ttf in Resources */,
				36E37D7B17609D86001461C6 /* Lato-Bla.ttf in Resources */,
				36E37D7C17609D86001461C6 /* Lato-Bol.ttf in Resources */,
				36E37DAB1760E93B001461C6 /* Lato-Lig.ttf in Resources */,
				36E37D58176099E9001461C6 /* InfoPlist.strings in Resources */,
				36E37D67176099E9001461C6 /* MainStoryboard.storyboard in Resources */,
				36E37D7217609BE0001461C6 /* container.png in Resources */,
				36E37D7317609BE0001461C6 /* container@2x.png in Resources */,
				36E37D821760A2A7001461C6 /* addnewcountdown.png in Resources */,
				36E37D831760A2A7001461C6 /* addnewcountdown@2x.png in Resources */,
				36E37D881760AB88001461C6 /* indicator.png in Resources */,
				36E37D941760C644001461C6 /* Default.png in Resources */,
				36E37D951760C644001461C6 /* Default@2x.png in Resources */,
				36E37D961760C644001461C6 /* Default-568h@2x.png in Resources */,
				36E37D981760D0C2001461C6 /* icon@2x.png in Resources */,
				36E37D9A1760D107001461C6 /* icon.png in Resources */,
				36E37DA01760E2AC001461C6 /* down_arrow.png in Resources */,
				36E37DA11760E2AC001461C6 /* up_arrow.png in Resources */,
				36E37DA21760E2AC001461C6 /* left_arrow.png in Resources */,
				36E37DA61760E2BD001461C6 /* right_arrow.png in Resources */,
				36E37DBC1761FD06001461C6 /* proceed_button.png in Resources */,
				36E37DBD1761FD06001461C6 /* proceed_button@2x.png in Resources */,
				36E37DBE1761FD06001461C6 /* goback.png in Resources */,
				36E37DBF1761FD06001461C6 /* goback@2x.png in Resources */,
				36E37DC2176200D9001461C6 /* finish.png in Resources */,
				36A934F2176799EB00AFF987 /* back.png in Resources */,
				36A934FB17679CA700AFF987 /* delete.png in Resources */,
				36A934FC17679CA700AFF987 /* delete@2x.png in Resources */,
				36A934FD17679CA700AFF987 /* notification.png in Resources */,
				36A934FE17679CA700AFF987 /* notification@2x.png in Resources */,
				36A934FF17679CA700AFF987 /* facebook.png in Resources */,
				36A9350017679CA700AFF987 /* facebook@2x.png in Resources */,
				36A9350117679CA700AFF987 /* twitter.png in Resources */,
				36A9350217679CA700AFF987 /* twitter@2x.png in Resources */,
				36A935041767A2BE00AFF987 /* goback_mini.png in Resources */,
				36A9350A1767B5DE00AFF987 /* done.png in Resources */,
				36A9350B1767B5DE00AFF987 /* done@2x.png in Resources */,
			);
			runOnlyForDeploymentPostprocessing = 0;
		};
/* End PBXResourcesBuildPhase section */

/* Begin PBXSourcesBuildPhase section */
		36E37D46176099E9001461C6 /* Sources */ = {
			isa = PBXSourcesBuildPhase;
			buildActionMask = 2147483647;
			files = (
				36E37D891760AFC7001461C6 /* UIFont+Replacement.m in Sources */,
				36E37D5A176099E9001461C6 /* main.m in Sources */,
				36E37D5E176099E9001461C6 /* CDAppDelegate.m in Sources */,
				36E37D6A176099E9001461C6 /* CDMainViewController.m in Sources */,
				36E37D861760AAA3001461C6 /* CDTimerCell.m in Sources */,
				36E37D8C1760BCDE001461C6 /* CDProgressView.m in Sources */,
				36E37DA91760E6BB001461C6 /* CDAddTimerViewController.m in Sources */,
				36E37DB21761D5C6001461C6 /* NSDate+Reporting.m in Sources */,
				36A935071767AC5400AFF987 /* CDBaseConversion.m in Sources */,
			);
			runOnlyForDeploymentPostprocessing = 0;
		};
/* End PBXSourcesBuildPhase section */

/* Begin PBXVariantGroup section */
		36E37D56176099E9001461C6 /* InfoPlist.strings */ = {
			isa = PBXVariantGroup;
			children = (
				36E37D57176099E9001461C6 /* en */,
			);
			name = InfoPlist.strings;
			sourceTree = "<group>";
		};
		36E37D65176099E9001461C6 /* MainStoryboard.storyboard */ = {
			isa = PBXVariantGroup;
			children = (
				36E37D66176099E9001461C6 /* en */,
			);
			name = MainStoryboard.storyboard;
			sourceTree = "<group>";
		};
/* End PBXVariantGroup section */

/* Begin XCBuildConfiguration section */
		36E37D6B176099E9001461C6 /* Debug */ = {
			isa = XCBuildConfiguration;
			buildSettings = {
				ALWAYS_SEARCH_USER_PATHS = NO;
				CLANG_CXX_LANGUAGE_STANDARD = "gnu++0x";
				CLANG_CXX_LIBRARY = "libc++";
				CLANG_ENABLE_OBJC_ARC = YES;
				CLANG_WARN_CONSTANT_CONVERSION = YES;
				CLANG_WARN_EMPTY_BODY = YES;
				CLANG_WARN_ENUM_CONVERSION = YES;
				CLANG_WARN_INT_CONVERSION = YES;
				CLANG_WARN__DUPLICATE_METHOD_MATCH = YES;
				"CODE_SIGN_IDENTITY[sdk=iphoneos*]" = "iPhone Developer";
				COPY_PHASE_STRIP = NO;
				GCC_C_LANGUAGE_STANDARD = gnu99;
				GCC_DYNAMIC_NO_PIC = NO;
				GCC_OPTIMIZATION_LEVEL = 0;
				GCC_PREPROCESSOR_DEFINITIONS = (
					"DEBUG=1",
					"$(inherited)",
				);
				GCC_SYMBOLS_PRIVATE_EXTERN = NO;
				GCC_WARN_ABOUT_RETURN_TYPE = YES;
				GCC_WARN_UNINITIALIZED_AUTOS = YES;
				GCC_WARN_UNUSED_VARIABLE = YES;
				IPHONEOS_DEPLOYMENT_TARGET = 6.1;
				ONLY_ACTIVE_ARCH = YES;
				SDKROOT = iphoneos;
			};
			name = Debug;
		};
		36E37D6C176099E9001461C6 /* Release */ = {
			isa = XCBuildConfiguration;
			buildSettings = {
				ALWAYS_SEARCH_USER_PATHS = NO;
				CLANG_CXX_LANGUAGE_STANDARD = "gnu++0x";
				CLANG_CXX_LIBRARY = "libc++";
				CLANG_ENABLE_OBJC_ARC = YES;
				CLANG_WARN_CONSTANT_CONVERSION = YES;
				CLANG_WARN_EMPTY_BODY = YES;
				CLANG_WARN_ENUM_CONVERSION = YES;
				CLANG_WARN_INT_CONVERSION = YES;
				CLANG_WARN__DUPLICATE_METHOD_MATCH = YES;
				"CODE_SIGN_IDENTITY[sdk=iphoneos*]" = "iPhone Developer";
				COPY_PHASE_STRIP = YES;
				GCC_C_LANGUAGE_STANDARD = gnu99;
				GCC_WARN_ABOUT_RETURN_TYPE = YES;
				GCC_WARN_UNINITIALIZED_AUTOS = YES;
				GCC_WARN_UNUSED_VARIABLE = YES;
				IPHONEOS_DEPLOYMENT_TARGET = 6.1;
				OTHER_CFLAGS = "-DNS_BLOCK_ASSERTIONS=1";
				SDKROOT = iphoneos;
				VALIDATE_PRODUCT = YES;
			};
			name = Release;
		};
		36E37D6E176099E9001461C6 /* Debug */ = {
			isa = XCBuildConfiguration;
			buildSettings = {
				GCC_PRECOMPILE_PREFIX_HEADER = YES;
				GCC_PREFIX_HEADER = "count.do/count.do-Prefix.pch";
				INFOPLIST_FILE = "count.do/count.do-Info.plist";
				IPHONEOS_DEPLOYMENT_TARGET = 6.0;
				PRODUCT_NAME = "$(TARGET_NAME)";
				WRAPPER_EXTENSION = app;
			};
			name = Debug;
		};
		36E37D6F176099E9001461C6 /* Release */ = {
			isa = XCBuildConfiguration;
			buildSettings = {
				GCC_PRECOMPILE_PREFIX_HEADER = YES;
				GCC_PREFIX_HEADER = "count.do/count.do-Prefix.pch";
				INFOPLIST_FILE = "count.do/count.do-Info.plist";
				IPHONEOS_DEPLOYMENT_TARGET = 6.0;
				PRODUCT_NAME = "$(TARGET_NAME)";
				WRAPPER_EXTENSION = app;
			};
			name = Release;
		};
/* End XCBuildConfiguration section */

/* Begin XCConfigurationList section */
		36E37D45176099E9001461C6 /* Build configuration list for PBXProject "count.do" */ = {
			isa = XCConfigurationList;
			buildConfigurations = (
				36E37D6B176099E9001461C6 /* Debug */,
				36E37D6C176099E9001461C6 /* Release */,
			);
			defaultConfigurationIsVisible = 0;
			defaultConfigurationName = Release;
		};
		36E37D6D176099E9001461C6 /* Build configuration list for PBXNativeTarget "count.do" */ = {
			isa = XCConfigurationList;
			buildConfigurations = (
				36E37D6E176099E9001461C6 /* Debug */,
				36E37D6F176099E9001461C6 /* Release */,
			);
			defaultConfigurationIsVisible = 0;
			defaultConfigurationName = Release;
		};
/* End XCConfigurationList section */
	};
	rootObject = 36E37D42176099E9001461C6 /* Project object */;
}
